
Microsoft Visual Studio Solution File, Format Version 12.00
# Visual Studio Version 16
VisualStudioVersion = 16.0.30104.148
MinimumVisualStudioVersion = 10.0.40219.1
Project("{FAE04EC0-301F-11D3-BF4B-00C04F79EFBC}") = "sample_barcode", "sample_barcode.csproj", "{839AEF3B-62BD-4563-B4A2-818214B01786}"
EndProject
Global
	GlobalSection(SolutionConfigurationPlatforms) = preSolution
		Debug|Any CPU = Debug|Any CPU
		Release|Any CPU = Release|Any CPU
	EndGlobalSection
	GlobalSection(ProjectConfigurationPlatforms) = postSolution
		{839AEF3B-62BD-4563-B4A2-818214B01786}.Debug|Any CPU.ActiveCfg = Debug|Any CPU
		{839AEF3B-62BD-4563-B4A2-818214B01786}.Debug|Any CPU.Build.0 = Debug|Any CPU
		{839AEF3B-62BD-4563-B4A2-818214B01786}.Release|Any CPU.ActiveCfg = Release|Any CPU
		{839AEF3B-62BD-4563-B4A2-818214B01786}.Release|Any CPU.Build.0 = Release|Any CPU
	EndGlobalSection
	GlobalSection(SolutionProperties) = preSolution
		HideSolutionNode = FALSE
	EndGlobalSection
	GlobalSection(ExtensibilityGlobals) = postSolution
		SolutionGuid = {3FEEA891-3F62-4AC9-BCA2-D3EA23C76089}
	EndGlobalSection
EndGlobal
